PODS:
  - GoogleMaps (2.4.0):
    - GoogleMaps/Maps (= 2.4.0)
  - GoogleMaps/Base (2.4.0)
  - GoogleMaps/Maps (2.4.0):
    - GoogleMaps/Base
  - GooglePlaces (2.4.0):
    - GoogleMaps/Base (= 2.4.0)
  - JTAppleCalendar (7.0.6)

DEPENDENCIES:
  - GoogleMaps
  - GooglePlaces
  - JTAppleCalendar (~> 7.0)

SPEC CHECKSUMS:
  GoogleMaps: 8436ab5d1c25e36915b2f7416d0c8e3fa2e76c61
  GooglePlaces: aafe5990fa7951e98e078761bbdaaf236d7e0c65
  JTAppleCalendar: 6a942475e33b9ad4dee0a0e14aa4c63adcf4f543

PODFILE CHECKSUM: 1a27c56012a7dbf47ea628431a8510d653e8ce09

COCOAPODS: 1.2.1
